
Microsoft Visual Studio Solution File, Format Version 12.00
# Visual Studio Version 17
VisualStudioVersion = 17.7.34024.191
MinimumVisualStudioVersion = 10.0.40219.1
Project("{FAE04EC0-301F-11D3-BF4B-00C04F79EFBC}") = "Week8EpicGame", "Week8EpicGame\Week8EpicGame.csproj", "{694C16FB-5ED0-4ADF-BFA6-77E6D6CA7215}"
EndProject
Global
	GlobalSection(SolutionConfigurationPlatforms) = preSolution
		Debug|Any CPU = Debug|Any CPU
		Release|Any CPU = Release|Any CPU
	EndGlobalSection
	GlobalSection(ProjectConfigurationPlatforms) = postSolution
		{694C16FB-5ED0-4ADF-BFA6-77E6D6CA7215}.Debug|Any CPU.ActiveCfg = Debug|Any CPU
		{694C16FB-5ED0-4ADF-BFA6-77E6D6CA7215}.Debug|Any CPU.Build.0 = Debug|Any CPU
		{694C16FB-5ED0-4ADF-BFA6-77E6D6CA7215}.Release|Any CPU.ActiveCfg = Release|Any CPU
		{694C16FB-5ED0-4ADF-BFA6-77E6D6CA7215}.Release|Any CPU.Build.0 = Release|Any CPU
	EndGlobalSection
	GlobalSection(SolutionProperties) = preSolution
		HideSolutionNode = FALSE
	EndGlobalSection
	GlobalSection(ExtensibilityGlobals) = postSolution
		SolutionGuid = {6871FB4E-78E7-495B-B6DF-41BFF39D548C}
	EndGlobalSection
EndGlobal
